// !$*UTF8*$!
{
	archiveVersion = 1;
	classes = {
	};
	objectVersion = 50;
	objects = {

/* Begin PBXBuildFile section */
		C4986DCA58BDEAD40371ACAF /* Pods_QRSMedia.framework in Frameworks */ = {isa = PBXBuildFile; fileRef = B2DF1D0913CDC2D55DAFD459 /* Pods_QRSMedia.framework */; };
		D713FF2E211251040034A410 /* Login.storyboard in Resources */ = {isa = PBXBuildFile; fileRef = D713FF2D211251040034A410 /* Login.storyboard */; };
		D713FF30211252850034A410 /* LoginViewController.swift in Sources */ = {isa = PBXBuildFile; fileRef = D713FF2F211252850034A410 /* LoginViewController.swift */; };
		D713FF33211260530034A410 /* StorageService.swift in Sources */ = {isa = PBXBuildFile; fileRef = D713FF32211260530034A410 /* StorageService.swift */; };
		D713FF35211260930034A410 /* MediaService.swift in Sources */ = {isa = PBXBuildFile; fileRef = D713FF34211260930034A410 /* MediaService.swift */; };
		D73EF08A210BEEB700FDB394 /* GoogleService-Info.plist in Resources */ = {isa = PBXBuildFile; fileRef = D73EF089210BEEB700FDB394 /* GoogleService-Info.plist */; };
		D73EF08F210EDCD700FDB394 /* ScreenshotService.swift in Sources */ = {isa = PBXBuildFile; fileRef = D73EF08E210EDCD700FDB394 /* ScreenshotService.swift */; };
		D7B730382105A3B500DDBAFD /* AppDelegate.swift in Sources */ = {isa = PBXBuildFile; fileRef = D7B730372105A3B500DDBAFD /* AppDelegate.swift */; };
		D7B7303A2105A3B500DDBAFD /* SocialMediaInfoController.swift in Sources */ = {isa = PBXBuildFile; fileRef = D7B730392105A3B500DDBAFD /* SocialMediaInfoController.swift */; };
		D7B7303D2105A3B500DDBAFD /* Main.storyboard in Resources */ = {isa = PBXBuildFile; fileRef = D7B7303B2105A3B500DDBAFD /* Main.storyboard */; };
		D7B730402105A3B500DDBAFD /* QRSMedia.xcdatamodeld in Sources */ = {isa = PBXBuildFile; fileRef = D7B7303E2105A3B500DDBAFD /* QRSMedia.xcdatamodeld */; };
		D7B730422105A3B700DDBAFD /* Assets.xcassets in Resources */ = {isa = PBXBuildFile; fileRef = D7B730412105A3B700DDBAFD /* Assets.xcassets */; };
		D7B730452105A3B700DDBAFD /* LaunchScreen.storyboard in Resources */ = {isa = PBXBuildFile; fileRef = D7B730432105A3B700DDBAFD /* LaunchScreen.storyboard */; };
		D7B7306D21069FA800DDBAFD /* DetailedSocialMediaViewController.swift in Sources */ = {isa = PBXBuildFile; fileRef = D7B7306C21069FA800DDBAFD /* DetailedSocialMediaViewController.swift */; };
		D7B7306F2106A01D00DDBAFD /* QRViewController.swift in Sources */ = {isa = PBXBuildFile; fileRef = D7B7306E2106A01D00DDBAFD /* QRViewController.swift */; };
		D7B730712106A1D800DDBAFD /* CompanyDataCell.swift in Sources */ = {isa = PBXBuildFile; fileRef = D7B730702106A1D800DDBAFD /* CompanyDataCell.swift */; };
		D7B730752106A97600DDBAFD /* SocialMediaInfo.swift in Sources */ = {isa = PBXBuildFile; fileRef = D7B730742106A97600DDBAFD /* SocialMediaInfo.swift */; };
		D7B730772107C60400DDBAFD /* SSCompanyDataCell.swift in Sources */ = {isa = PBXBuildFile; fileRef = D7B730762107C60400DDBAFD /* SSCompanyDataCell.swift */; };
		D7B730792107D74A00DDBAFD /* CoreDataHelper.swift in Sources */ = {isa = PBXBuildFile; fileRef = D7B730782107D74A00DDBAFD /* CoreDataHelper.swift */; };
/* End PBXBuildFile section */

/* Begin PBXFileReference section */
		0D8D9AA135D8C1427E9A8B36 /* Pods-QRSMedia.release.xcconfig */ = {isa = PBXFileReference; includeInIndex = 1; lastKnownFileType = text.xcconfig; name = "Pods-QRSMedia.release.xcconfig"; path = "Pods/Target Support Files/Pods-QRSMedia/Pods-QRSMedia.release.xcconfig"; sourceTree = "<group>"; };
		B2DF1D0913CDC2D55DAFD459 /* Pods_QRSMedia.framework */ = {isa = PBXFileReference; explicitFileType = wrapper.framework; includeInIndex = 0; path = Pods_QRSMedia.framework; sourceTree = BUILT_PRODUCTS_DIR; };
		D713FF2D211251040034A410 /* Login.storyboard */ = {isa = PBXFileReference; lastKnownFileType = file.storyboard; path = Login.storyboard; sourceTree = "<group>"; };
		D713FF2F211252850034A410 /* LoginViewController.swift */ = {isa = PBXFileReference; lastKnownFileType = sourcecode.swift; path = LoginViewController.swift; sourceTree = "<group>"; };
		D713FF32211260530034A410 /* StorageService.swift */ = {isa = PBXFileReference; lastKnownFileType = sourcecode.swift; path = StorageService.swift; sourceTree = "<group>"; };
		D713FF34211260930034A410 /* MediaService.swift */ = {isa = PBXFileReference; lastKnownFileType = sourcecode.swift; path = MediaService.swift; sourceTree = "<group>"; };
		D73EF089210BEEB700FDB394 /* GoogleService-Info.plist */ = {isa = PBXFileReference; fileEncoding = 4; lastKnownFileType = text.plist.xml; path = "GoogleService-Info.plist"; sourceTree = "<group>"; };
		D73EF08E210EDCD700FDB394 /* ScreenshotService.swift */ = {isa = PBXFileReference; lastKnownFileType = sourcecode.swift; path = ScreenshotService.swift; sourceTree = "<group>"; };
		D7B730342105A3B500DDBAFD /* QRSMedia.app */ = {isa = PBXFileReference; explicitFileType = wrapper.application; includeInIndex = 0; path = QRSMedia.app; sourceTree = BUILT_PRODUCTS_DIR; };
		D7B730372105A3B500DDBAFD /* AppDelegate.swift */ = {isa = PBXFileReference; lastKnownFileType = sourcecode.swift; path = AppDelegate.swift; sourceTree = "<group>"; };
		D7B730392105A3B500DDBAFD /* SocialMediaInfoController.swift */ = {isa = PBXFileReference; lastKnownFileType = sourcecode.swift; path = SocialMediaInfoController.swift; sourceTree = "<group>"; };
		D7B7303C2105A3B500DDBAFD /* Base */ = {isa = PBXFileReference; lastKnownFileType = file.storyboard; name = Base; path = Base.lproj/Main.storyboard; sourceTree = "<group>"; };
		D7B7303F2105A3B500DDBAFD /* QRSMedia.xcdatamodel */ = {isa = PBXFileReference; lastKnownFileType = wrapper.xcdatamodel; path = QRSMedia.xcdatamodel; sourceTree = "<group>"; };
		D7B730412105A3B700DDBAFD /* Assets.xcassets */ = {isa = PBXFileReference; lastKnownFileType = folder.assetcatalog; path = Assets.xcassets; sourceTree = "<group>"; };
		D7B730442105A3B700DDBAFD /* Base */ = {isa = PBXFileReference; lastKnownFileType = file.storyboard; name = Base; path = Base.lproj/LaunchScreen.storyboard; sourceTree = "<group>"; };
		D7B730462105A3B700DDBAFD /* Info.plist */ = {isa = PBXFileReference; lastKnownFileType = text.plist.xml; path = Info.plist; sourceTree = "<group>"; };
		D7B7306C21069FA800DDBAFD /* DetailedSocialMediaViewController.swift */ = {isa = PBXFileReference; lastKnownFileType = sourcecode.swift; path = DetailedSocialMediaViewController.swift; sourceTree = "<group>"; };
		D7B7306E2106A01D00DDBAFD /* QRViewController.swift */ = {isa = PBXFileReference; lastKnownFileType = sourcecode.swift; path = QRViewController.swift; sourceTree = "<group>"; };
		D7B730702106A1D800DDBAFD /* CompanyDataCell.swift */ = {isa = PBXFileReference; lastKnownFileType = sourcecode.swift; path = CompanyDataCell.swift; sourceTree = "<group>"; };
		D7B730742106A97600DDBAFD /* SocialMediaInfo.swift */ = {isa = PBXFileReference; lastKnownFileType = sourcecode.swift; path = SocialMediaInfo.swift; sourceTree = "<group>"; };
		D7B730762107C60400DDBAFD /* SSCompanyDataCell.swift */ = {isa = PBXFileReference; lastKnownFileType = sourcecode.swift; path = SSCompanyDataCell.swift; sourceTree = "<group>"; };
		D7B730782107D74A00DDBAFD /* CoreDataHelper.swift */ = {isa = PBXFileReference; lastKnownFileType = sourcecode.swift; path = CoreDataHelper.swift; sourceTree = "<group>"; };
		E9FDCEAA39E15D21831E561B /* Pods-QRSMedia.debug.xcconfig */ = {isa = PBXFileReference; includeInIndex = 1; lastKnownFileType = text.xcconfig; name = "Pods-QRSMedia.debug.xcconfig"; path = "Pods/Target Support Files/Pods-QRSMedia/Pods-QRSMedia.debug.xcconfig"; sourceTree = "<group>"; };
/* End PBXFileReference section */

/* Begin PBXFrameworksBuildPhase section */
		D7B730312105A3B500DDBAFD /* Frameworks */ = {
			isa = PBXFrameworksBuildPhase;
			buildActionMask = 2147483647;
			files = (
				C4986DCA58BDEAD40371ACAF /* Pods_QRSMedia.framework in Frameworks */,
			);
			runOnlyForDeploymentPostprocessing = 0;
		};
/* End PBXFrameworksBuildPhase section */

/* Begin PBXGroup section */
		51C02217ECCF7CF2B7E8902F /* Frameworks */ = {
			isa = PBXGroup;
			children = (
				B2DF1D0913CDC2D55DAFD459 /* Pods_QRSMedia.framework */,
			);
			name = Frameworks;
			sourceTree = "<group>";
		};
		8A7CEAE2EEF26F15A86227FD /* Pods */ = {
			isa = PBXGroup;
			children = (
				E9FDCEAA39E15D21831E561B /* Pods-QRSMedia.debug.xcconfig */,
				0D8D9AA135D8C1427E9A8B36 /* Pods-QRSMedia.release.xcconfig */,
			);
			name = Pods;
			sourceTree = "<group>";
		};
		D713FF31211260440034A410 /* Services */ = {
			isa = PBXGroup;
			children = (
				D713FF32211260530034A410 /* StorageService.swift */,
				D713FF34211260930034A410 /* MediaService.swift */,
			);
			path = Services;
			sourceTree = "<group>";
		};
		D73EF08B210ED02200FDB394 /* Models */ = {
			isa = PBXGroup;
			children = (
				D7B730742106A97600DDBAFD /* SocialMediaInfo.swift */,
				D7B730782107D74A00DDBAFD /* CoreDataHelper.swift */,
				D73EF08E210EDCD700FDB394 /* ScreenshotService.swift */,
			);
			path = Models;
			sourceTree = "<group>";
		};
		D7B7302B2105A3B500DDBAFD = {
			isa = PBXGroup;
			children = (
				D7B730362105A3B500DDBAFD /* QRSMedia */,
				D7B730352105A3B500DDBAFD /* Products */,
				8A7CEAE2EEF26F15A86227FD /* Pods */,
				51C02217ECCF7CF2B7E8902F /* Frameworks */,
			);
			sourceTree = "<group>";
		};
		D7B730352105A3B500DDBAFD /* Products */ = {
			isa = PBXGroup;
			children = (
				D7B730342105A3B500DDBAFD /* QRSMedia.app */,
			);
			name = Products;
			sourceTree = "<group>";
		};
		D7B730362105A3B500DDBAFD /* QRSMedia */ = {
			isa = PBXGroup;
			children = (
				D7B730372105A3B500DDBAFD /* AppDelegate.swift */,
				D713FF31211260440034A410 /* Services */,
				D73EF08B210ED02200FDB394 /* Models */,
				D7B7307A210917C100DDBAFD /* Controllers */,
				D7B7307D2109187300DDBAFD /* Storyboards */,
				D7B7307B2109180F00DDBAFD /* Custom Cells */,
				D7B730412105A3B700DDBAFD /* Assets.xcassets */,
				D7B730462105A3B700DDBAFD /* Info.plist */,
				D73EF089210BEEB700FDB394 /* GoogleService-Info.plist */,
				D7B7303E2105A3B500DDBAFD /* QRSMedia.xcdatamodeld */,
			);
			path = QRSMedia;
			sourceTree = "<group>";
		};
		D7B7307A210917C100DDBAFD /* Controllers */ = {
			isa = PBXGroup;
			children = (
				D7B730392105A3B500DDBAFD /* SocialMediaInfoController.swift */,
				D7B7306C21069FA800DDBAFD /* DetailedSocialMediaViewController.swift */,
				D7B7306E2106A01D00DDBAFD /* QRViewController.swift */,
				D713FF2F211252850034A410 /* LoginViewController.swift */,
			);
			path = Controllers;
			sourceTree = "<group>";
		};
		D7B7307B2109180F00DDBAFD /* Custom Cells */ = {
			isa = PBXGroup;
			children = (
				D7B730702106A1D800DDBAFD /* CompanyDataCell.swift */,
				D7B730762107C60400DDBAFD /* SSCompanyDataCell.swift */,
			);
			path = "Custom Cells";
			sourceTree = "<group>";
		};
		D7B7307D2109187300DDBAFD /* Storyboards */ = {
			isa = PBXGroup;
			children = (
				D7B7303B2105A3B500DDBAFD /* Main.storyboard */,
				D7B730432105A3B700DDBAFD /* LaunchScreen.storyboard */,
				D713FF2D211251040034A410 /* Login.storyboard */,
			);
			path = Storyboards;
			sourceTree = "<group>";
		};
/* End PBXGroup section */

/* Begin PBXNativeTarget section */
		D7B730332105A3B500DDBAFD /* QRSMedia */ = {
			isa = PBXNativeTarget;
			buildConfigurationList = D7B730492105A3B700DDBAFD /* Build configuration list for PBXNativeTarget "QRSMedia" */;
			buildPhases = (
				DC36462324729B7C7E056894 /* [CP] Check Pods Manifest.lock */,
				D7B730302105A3B500DDBAFD /* Sources */,
				D7B730312105A3B500DDBAFD /* Frameworks */,
				D7B730322105A3B500DDBAFD /* Resources */,
				1B2442C519BE08EC875FE5F8 /* [CP] Embed Pods Frameworks */,
				3DA9682925F05CB32CBDC166 /* [CP] Copy Pods Resources */,
			);
			buildRules = (
			);
			dependencies = (
			);
			name = QRSMedia;
			productName = QRSMedia;
			productReference = D7B730342105A3B500DDBAFD /* QRSMedia.app */;
			productType = "com.apple.product-type.application";
		};
/* End PBXNativeTarget section */

/* Begin PBXProject section */
		D7B7302C2105A3B500DDBAFD /* Project object */ = {
			isa = PBXProject;
			attributes = {
				LastSwiftUpdateCheck = 0940;
				LastUpgradeCheck = 0940;
				ORGANIZATIONNAME = "Make School";
				TargetAttributes = {
					D7B730332105A3B500DDBAFD = {
						CreatedOnToolsVersion = 9.4;
					};
				};
			};
			buildConfigurationList = D7B7302F2105A3B500DDBAFD /* Build configuration list for PBXProject "QRSMedia" */;
			compatibilityVersion = "Xcode 9.3";
			developmentRegion = en;
			hasScannedForEncodings = 0;
			knownRegions = (
				en,
				Base,
			);
			mainGroup = D7B7302B2105A3B500DDBAFD;
			productRefGroup = D7B730352105A3B500DDBAFD /* Products */;
			projectDirPath = "";
			projectRoot = "";
			targets = (
				D7B730332105A3B500DDBAFD /* QRSMedia */,
			);
		};
/* End PBXProject section */

/* Begin PBXResourcesBuildPhase section */
		D7B730322105A3B500DDBAFD /* Resources */ = {
			isa = PBXResourcesBuildPhase;
			buildActionMask = 2147483647;
			files = (
				D7B730452105A3B700DDBAFD /* LaunchScreen.storyboard in Resources */,
				D73EF08A210BEEB700FDB394 /* GoogleService-Info.plist in Resources */,
				D7B730422105A3B700DDBAFD /* Assets.xcassets in Resources */,
				D713FF2E211251040034A410 /* Login.storyboard in Resources */,
				D7B7303D2105A3B500DDBAFD /* Main.storyboard in Resources */,
			);
			runOnlyForDeploymentPostprocessing = 0;
		};
/* End PBXResourcesBuildPhase section */

/* Begin PBXShellScriptBuildPhase section */
		1B2442C519BE08EC875FE5F8 /* [CP] Embed Pods Frameworks */ = {
			isa = PBXShellScriptBuildPhase;
			buildActionMask = 2147483647;
			files = (
			);
			inputPaths = (
				"${SRCROOT}/Pods/Target Support Files/Pods-QRSMedia/Pods-QRSMedia-frameworks.sh",
				"${BUILT_PRODUCTS_DIR}/GTMSessionFetcher/GTMSessionFetcher.framework",
				"${BUILT_PRODUCTS_DIR}/GoogleToolboxForMac/GoogleToolboxForMac.framework",
				"${BUILT_PRODUCTS_DIR}/QRCode/QRCode.framework",
				"${BUILT_PRODUCTS_DIR}/leveldb-library/leveldb.framework",
				"${BUILT_PRODUCTS_DIR}/nanopb/nanopb.framework",
			);
			name = "[CP] Embed Pods Frameworks";
			outputPaths = (
				"${TARGET_BUILD_DIR}/${FRAMEWORKS_FOLDER_PATH}/GTMSessionFetcher.framework",
				"${TARGET_BUILD_DIR}/${FRAMEWORKS_FOLDER_PATH}/GoogleToolboxForMac.framework",
				"${TARGET_BUILD_DIR}/${FRAMEWORKS_FOLDER_PATH}/QRCode.framework",
				"${TARGET_BUILD_DIR}/${FRAMEWORKS_FOLDER_PATH}/leveldb.framework",
				"${TARGET_BUILD_DIR}/${FRAMEWORKS_FOLDER_PATH}/nanopb.framework",
			);
			runOnlyForDeploymentPostprocessing = 0;
			shellPath = /bin/sh;
			shellScript = "\"${SRCROOT}/Pods/Target Support Files/Pods-QRSMedia/Pods-QRSMedia-frameworks.sh\"\n";
			showEnvVarsInLog = 0;
		};
		3DA9682925F05CB32CBDC166 /* [CP] Copy Pods Resources */ = {
			isa = PBXShellScriptBuildPhase;
			buildActionMask = 2147483647;
			files = (
			);
			inputPaths = (
				"${SRCROOT}/Pods/Target Support Files/Pods-QRSMedia/Pods-QRSMedia-resources.sh",
				"${PODS_CONFIGURATION_BUILD_DIR}/FirebaseUI/FirebaseAuthUI.bundle",
			);
			name = "[CP] Copy Pods Resources";
			outputPaths = (
				"${TARGET_BUILD_DIR}/${UNLOCALIZED_RESOURCES_FOLDER_PATH}/FirebaseAuthUI.bundle",
			);
			runOnlyForDeploymentPostprocessing = 0;
			shellPath = /bin/sh;
			shellScript = "\"${SRCROOT}/Pods/Target Support Files/Pods-QRSMedia/Pods-QRSMedia-resources.sh\"\n";
			showEnvVarsInLog = 0;
		};
		DC36462324729B7C7E056894 /* [CP] Check Pods Manifest.lock */ = {
			isa = PBXShellScriptBuildPhase;
			buildActionMask = 2147483647;
			files = (
			);
			inputPaths = (
				"${PODS_PODFILE_DIR_PATH}/Podfile.lock",
				"${PODS_ROOT}/Manifest.lock",
			);
			name = "[CP] Check Pods Manifest.lock";
			outputPaths = (
				"$(DERIVED_FILE_DIR)/Pods-QRSMedia-checkManifestLockResult.txt",
			);
			runOnlyForDeploymentPostprocessing = 0;
			shellPath = /bin/sh;
			shellScript = "diff \"${PODS_PODFILE_DIR_PATH}/Podfile.lock\" \"${PODS_ROOT}/Manifest.lock\" > /dev/null\nif [ $? != 0 ] ; then\n    # print error to STDERR\n    echo \"error: The sandbox is not in sync with the Podfile.lock. Run 'pod install' or update your CocoaPods installation.\" >&2\n    exit 1\nfi\n# This output is used by Xcode 'outputs' to avoid re-running this script phase.\necho \"SUCCESS\" > \"${SCRIPT_OUTPUT_FILE_0}\"\n";
			showEnvVarsInLog = 0;
		};
/* End PBXShellScriptBuildPhase section */

/* Begin PBXSourcesBuildPhase section */
		D7B730302105A3B500DDBAFD /* Sources */ = {
			isa = PBXSourcesBuildPhase;
			buildActionMask = 2147483647;
			files = (
				D713FF30211252850034A410 /* LoginViewController.swift in Sources */,
				D7B730402105A3B500DDBAFD /* QRSMedia.xcdatamodeld in Sources */,
				D713FF35211260930034A410 /* MediaService.swift in Sources */,
				D7B730772107C60400DDBAFD /* SSCompanyDataCell.swift in Sources */,
				D7B7306F2106A01D00DDBAFD /* QRViewController.swift in Sources */,
				D7B7306D21069FA800DDBAFD /* DetailedSocialMediaViewController.swift in Sources */,
				D7B7303A2105A3B500DDBAFD /* SocialMediaInfoController.swift in Sources */,
				D713FF33211260530034A410 /* StorageService.swift in Sources */,
				D7B730752106A97600DDBAFD /* SocialMediaInfo.swift in Sources */,
				D7B730792107D74A00DDBAFD /* CoreDataHelper.swift in Sources */,
				D7B730382105A3B500DDBAFD /* AppDelegate.swift in Sources */,
				D7B730712106A1D800DDBAFD /* CompanyDataCell.swift in Sources */,
				D73EF08F210EDCD700FDB394 /* ScreenshotService.swift in Sources */,
			);
			runOnlyForDeploymentPostprocessing = 0;
		};
/* End PBXSourcesBuildPhase section */

/* Begin PBXVariantGroup section */
		D7B7303B2105A3B500DDBAFD /* Main.storyboard */ = {
			isa = PBXVariantGroup;
			children = (
				D7B7303C2105A3B500DDBAFD /* Base */,
			);
			name = Main.storyboard;
			sourceTree = "<group>";
		};
		D7B730432105A3B700DDBAFD /* LaunchScreen.storyboard */ = {
			isa = PBXVariantGroup;
			children = (
				D7B730442105A3B700DDBAFD /* Base */,
			);
			name = LaunchScreen.storyboard;
			sourceTree = "<group>";
		};
/* End PBXVariantGroup section */

/* Begin XCBuildConfiguration section */
		D7B730472105A3B700DDBAFD /* Debug */ = {
			isa = XCBuildConfiguration;
			buildSettings = {
				ALWAYS_SEARCH_USER_PATHS = NO;
				CLANG_ANALYZER_NONNULL = YES;
				CLANG_ANALYZER_NUMBER_OBJECT_CONVERSION = YES_AGGRESSIVE;
				CLANG_CXX_LANGUAGE_STANDARD = "gnu++14";
				CLANG_CXX_LIBRARY = "libc++";
				CLANG_ENABLE_MODULES = YES;
				CLANG_ENABLE_OBJC_ARC = YES;
				CLANG_ENABLE_OBJC_WEAK = YES;
				CLANG_WARN_BLOCK_CAPTURE_AUTORELEASING = YES;
				CLANG_WARN_BOOL_CONVERSION = YES;
				CLANG_WARN_COMMA = YES;
				CLANG_WARN_CONSTANT_CONVERSION = YES;
				CLANG_WARN_DEPRECATED_OBJC_IMPLEMENTATIONS = YES;
				CLANG_WARN_DIRECT_OBJC_ISA_USAGE = YES_ERROR;
				CLANG_WARN_DOCUMENTATION_COMMENTS = YES;
				CLANG_WARN_EMPTY_BODY = YES;
				CLANG_WARN_ENUM_CONVERSION = YES;
				CLANG_WARN_INFINITE_RECURSION = YES;
				CLANG_WARN_INT_CONVERSION = YES;
				CLANG_WARN_NON_LITERAL_NULL_CONVERSION = YES;
				CLANG_WARN_OBJC_IMPLICIT_RETAIN_SELF = YES;
				CLANG_WARN_OBJC_LITERAL_CONVERSION = YES;
				CLANG_WARN_OBJC_ROOT_CLASS = YES_ERROR;
				CLANG_WARN_RANGE_LOOP_ANALYSIS = YES;
				CLANG_WARN_STRICT_PROTOTYPES = YES;
				CLANG_WARN_SUSPICIOUS_MOVE = YES;
				CLANG_WARN_UNGUARDED_AVAILABILITY = YES_AGGRESSIVE;
				CLANG_WARN_UNREACHABLE_CODE = YES;
				CLANG_WARN__DUPLICATE_METHOD_MATCH = YES;
				CODE_SIGN_IDENTITY = "iPhone Developer";
				COPY_PHASE_STRIP = NO;
				DEBUG_INFORMATION_FORMAT = dwarf;
				ENABLE_STRICT_OBJC_MSGSEND = YES;
				ENABLE_TESTABILITY = YES;
				GCC_C_LANGUAGE_STANDARD = gnu11;
				GCC_DYNAMIC_NO_PIC = NO;
				GCC_NO_COMMON_BLOCKS = YES;
				GCC_OPTIMIZATION_LEVEL = 0;
				GCC_PREPROCESSOR_DEFINITIONS = (
					"DEBUG=1",
					"$(inherited)",
				);
				GCC_WARN_64_TO_32_BIT_CONVERSION = YES;
				GCC_WARN_ABOUT_RETURN_TYPE = YES_ERROR;
				GCC_WARN_UNDECLARED_SELECTOR = YES;
				GCC_WARN_UNINITIALIZED_AUTOS = YES_AGGRESSIVE;
				GCC_WARN_UNUSED_FUNCTION = YES;
				GCC_WARN_UNUSED_VARIABLE = YES;
				IPHONEOS_DEPLOYMENT_TARGET = 11.4;
				MTL_ENABLE_DEBUG_INFO = YES;
				ONLY_ACTIVE_ARCH = YES;
				SDKROOT = iphoneos;
				SWIFT_ACTIVE_COMPILATION_CONDITIONS = DEBUG;
				SWIFT_OPTIMIZATION_LEVEL = "-Onone";
			};
			name = Debug;
		};
		D7B730482105A3B700DDBAFD /* Release */ = {
			isa = XCBuildConfiguration;
			buildSettings = {
				ALWAYS_SEARCH_USER_PATHS = NO;
				CLANG_ANALYZER_NONNULL = YES;
				CLANG_ANALYZER_NUMBER_OBJECT_CONVERSION = YES_AGGRESSIVE;
				CLANG_CXX_LANGUAGE_STANDARD = "gnu++14";
				CLANG_CXX_LIBRARY = "libc++";
				CLANG_ENABLE_MODULES = YES;
				CLANG_ENABLE_OBJC_ARC = YES;
				CLANG_ENABLE_OBJC_WEAK = YES;
				CLANG_WARN_BLOCK_CAPTURE_AUTORELEASING = YES;
				CLANG_WARN_BOOL_CONVERSION = YES;
				CLANG_WARN_COMMA = YES;
				CLANG_WARN_CONSTANT_CONVERSION = YES;
				CLANG_WARN_DEPRECATED_OBJC_IMPLEMENTATIONS = YES;
				CLANG_WARN_DIRECT_OBJC_ISA_USAGE = YES_ERROR;
				CLANG_WARN_DOCUMENTATION_COMMENTS = YES;
				CLANG_WARN_EMPTY_BODY = YES;
				CLANG_WARN_ENUM_CONVERSION = YES;
				CLANG_WARN_INFINITE_RECURSION = YES;
				CLANG_WARN_INT_CONVERSION = YES;
				CLANG_WARN_NON_LITERAL_NULL_CONVERSION = YES;
				CLANG_WARN_OBJC_IMPLICIT_RETAIN_SELF = YES;
				CLANG_WARN_OBJC_LITERAL_CONVERSION = YES;
				CLANG_WARN_OBJC_ROOT_CLASS = YES_ERROR;
				CLANG_WARN_RANGE_LOOP_ANALYSIS = YES;
				CLANG_WARN_STRICT_PROTOTYPES = YES;
				CLANG_WARN_SUSPICIOUS_MOVE = YES;
				CLANG_WARN_UNGUARDED_AVAILABILITY = YES_AGGRESSIVE;
				CLANG_WARN_UNREACHABLE_CODE = YES;
				CLANG_WARN__DUPLICATE_METHOD_MATCH = YES;
				CODE_SIGN_IDENTITY = "iPhone Developer";
				COPY_PHASE_STRIP = NO;
				DEBUG_INFORMATION_FORMAT = "dwarf-with-dsym";
				ENABLE_NS_ASSERTIONS = NO;
				ENABLE_STRICT_OBJC_MSGSEND = YES;
				GCC_C_LANGUAGE_STANDARD = gnu11;
				GCC_NO_COMMON_BLOCKS = YES;
				GCC_WARN_64_TO_32_BIT_CONVERSION = YES;
				GCC_WARN_ABOUT_RETURN_TYPE = YES_ERROR;
				GCC_WARN_UNDECLARED_SELECTOR = YES;
				GCC_WARN_UNINITIALIZED_AUTOS = YES_AGGRESSIVE;
				GCC_WARN_UNUSED_FUNCTION = YES;
				GCC_WARN_UNUSED_VARIABLE = YES;
				IPHONEOS_DEPLOYMENT_TARGET = 11.4;
				MTL_ENABLE_DEBUG_INFO = NO;
				SDKROOT = iphoneos;
				SWIFT_COMPILATION_MODE = wholemodule;
				SWIFT_OPTIMIZATION_LEVEL = "-O";
				VALIDATE_PRODUCT = YES;
			};
			name = Release;
		};
		D7B7304A2105A3B700DDBAFD /* Debug */ = {
			isa = XCBuildConfiguration;
			baseConfigurationReference = E9FDCEAA39E15D21831E561B /* Pods-QRSMedia.debug.xcconfig */;
			buildSettings = {
				ASSETCATALOG_COMPILER_APPICON_NAME = AppIcon;
				CODE_SIGN_STYLE = Automatic;
				DEVELOPMENT_TEAM = NZ4227Z926;
				INFOPLIST_FILE = QRSMedia/Info.plist;
				LD_RUNPATH_SEARCH_PATHS = (
					"$(inherited)",
					"@executable_path/Frameworks",
				);
				PRODUCT_BUNDLE_IDENTIFIER = com.makeschool.QRSMedia;
				PRODUCT_NAME = "$(TARGET_NAME)";
				SWIFT_VERSION = 4.0;
				TARGETED_DEVICE_FAMILY = "1,2";
			};
			name = Debug;
		};
		D7B7304B2105A3B700DDBAFD /* Release */ = {
			isa = XCBuildConfiguration;
			baseConfigurationReference = 0D8D9AA135D8C1427E9A8B36 /* Pods-QRSMedia.release.xcconfig */;
			buildSettings = {
				ASSETCATALOG_COMPILER_APPICON_NAME = AppIcon;
				CODE_SIGN_STYLE = Automatic;
				DEVELOPMENT_TEAM = NZ4227Z926;
				INFOPLIST_FILE = QRSMedia/Info.plist;
				LD_RUNPATH_SEARCH_PATHS = (
					"$(inherited)",
					"@executable_path/Frameworks",
				);
				PRODUCT_BUNDLE_IDENTIFIER = com.makeschool.QRSMedia;
				PRODUCT_NAME = "$(TARGET_NAME)";
				SWIFT_VERSION = 4.0;
				TARGETED_DEVICE_FAMILY = "1,2";
			};
			name = Release;
		};
/* End XCBuildConfiguration section */

/* Begin XCConfigurationList section */
		D7B7302F2105A3B500DDBAFD /* Build configuration list for PBXProject "QRSMedia" */ = {
			isa = XCConfigurationList;
			buildConfigurations = (
				D7B730472105A3B700DDBAFD /* Debug */,
				D7B730482105A3B700DDBAFD /* Release */,
			);
			defaultConfigurationIsVisible = 0;
			defaultConfigurationName = Release;
		};
		D7B730492105A3B700DDBAFD /* Build configuration list for PBXNativeTarget "QRSMedia" */ = {
			isa = XCConfigurationList;
			buildConfigurations = (
				D7B7304A2105A3B700DDBAFD /* Debug */,
				D7B7304B2105A3B700DDBAFD /* Release */,
			);
			defaultConfigurationIsVisible = 0;
			defaultConfigurationName = Release;
		};
/* End XCConfigurationList section */

/* Begin XCVersionGroup section */
		D7B7303E2105A3B500DDBAFD /* QRSMedia.xcdatamodeld */ = {
			isa = XCVersionGroup;
			children = (
				D7B7303F2105A3B500DDBAFD /* QRSMedia.xcdatamodel */,
			);
			currentVersion = D7B7303F2105A3B500DDBAFD /* QRSMedia.xcdatamodel */;
			path = QRSMedia.xcdatamodeld;
			sourceTree = "<group>";
			versionGroupType = wrapper.xcdatamodel;
		};
/* End XCVersionGroup section */
	};
	rootObject = D7B7302C2105A3B500DDBAFD /* Project object */;
}
